
Microsoft Visual Studio Solution File, Format Version 12.00
# Visual Studio 15
VisualStudioVersion = 15.0.28010.2036
MinimumVisualStudioVersion = 10.0.40219.1
Project("{FAE04EC0-301F-11D3-BF4B-00C04F79EFBC}") = "Platibus.FrontEnd", "Platibus.FrontEnd\Platibus.FrontEnd.csproj", "{4A7C6ADC-1A33-427D-8E90-DC3A9CCD2241}"
EndProject
Global
	GlobalSection(SolutionConfigurationPlatforms) = preSolution
		Debug|Any CPU = Debug|Any CPU
		Release|Any CPU = Release|Any CPU
	EndGlobalSection
	GlobalSection(ProjectConfigurationPlatforms) = postSolution
		{4A7C6ADC-1A33-427D-8E90-DC3A9CCD2241}.Debug|Any CPU.ActiveCfg = Debug|Any CPU
		{4A7C6ADC-1A33-427D-8E90-DC3A9CCD2241}.Debug|Any CPU.Build.0 = Debug|Any CPU
		{4A7C6ADC-1A33-427D-8E90-DC3A9CCD2241}.Release|Any CPU.ActiveCfg = Release|Any CPU
		{4A7C6ADC-1A33-427D-8E90-DC3A9CCD2241}.Release|Any CPU.Build.0 = Release|Any CPU
	EndGlobalSection
	GlobalSection(SolutionProperties) = preSolution
		HideSolutionNode = FALSE
	EndGlobalSection
	GlobalSection(ExtensibilityGlobals) = postSolution
		SolutionGuid = {B6D708A1-9E26-4CF1-8C03-65F057B78D34}
	EndGlobalSection
EndGlobal
